<Solution>
  <Project Path="DTSoft.AppService/DTSoft.AppService.csproj" />
  <Project Path="DTSoft.Core/DTSoft.Core.csproj" />
  <Project Path="DTSoft.Models/DTSoft.Models.csproj" />
  <Project Path="DTSoft.Plugin.Abstractions/DTSoft.Plugin.Abstractions.csproj" />
  <Project Path="DTSoftServerApp/DTSoftServerApp.csproj" />
</Solution>
